<?xml version="1.0" encoding="utf-8"?>
<Project ToolsVersion="4.0" xmlns="http://schemas.microsoft.com/developer/msbuild/2003">
  <ItemGroup>
    <Filter Include="Source Files">
      <UniqueIdentifier>{4FC737F1-C7A5-4376-A066-2A32D752A2FF}</UniqueIdentifier>
      <Extensions>cpp;c;cc;cxx;def;odl;idl;hpj;bat;asm;asmx</Extensions>
    </Filter>
    <Filter Include="Header Files">
      <UniqueIdentifier>{93995380-89BD-4b04-88EB-625FBE52EBFB}</UniqueIdentifier>
      <Extensions>h;hpp;hxx;hm;inl;inc;xsd</Extensions>
    </Filter>
    <Filter Include="Resource Files">
      <UniqueIdentifier>{67DA6AB6-F800-4c08-8B7A-83BB121AAD01}</UniqueIdentifier>
      <Extensions>rc;ico;cur;bmp;dlg;rc2;rct;bin;rgs;gif;jpg;jpeg;jpe;resx;tiff;tif;png;wav;mfcribbon-ms</Extensions>
    </Filter>
    <Filter Include="Driver Files">
      <UniqueIdentifier>{8E41214B-6785-4CFE-B992-037D68949A14}</UniqueIdentifier>
      <Extensions>inf;inv;inx;mof;mc;</Extensions>
    </Filter>
  </ItemGroup>
  <ItemGroup>
    <ClCompile Include="src\drv_entry.cpp">
      <Filter>Source Files</Filter>
    </ClCompile>
    <ClCompile Include="src\util\device.cpp">
      <Filter>Source Files</Filter>
    </ClCompile>
    <ClCompile Include="src\callbacks\create_process.cpp">
      <Filter>Source Files</Filter>
    </ClCompile>
    <ClCompile Include="src\callbacks\callbacks.cpp">
      <Filter>Source Files</Filter>
    </ClCompile>
    <ClCompile Include="src\callbacks\create_thread.cpp">
      <Filter>Source Files</Filter>
    </ClCompile>
    <ClCompile Include="src\callbacks\image_load.cpp">
      <Filter>Source Files</Filter>
    </ClCompile>
    <ClCompile Include="src\callbacks\process_handle_operations.cpp">
      <Filter>Source Files</Filter>
    </ClCompile>
    <ClCompile Include="src\communication\io.cpp">
      <Filter>Source Files</Filter>
    </ClCompile>
    <ClCompile Include="src\communication\operations.cpp">
      <Filter>Source Files</Filter>
    </ClCompile>
  </ItemGroup>
  <ItemGroup>
    <ClInclude Include="include\types\wdbgexts.hpp">
      <Filter>Header Files</Filter>
    </ClInclude>
    <ClInclude Include="include\types\arc.hpp">
      <Filter>Header Files</Filter>
    </ClInclude>
    <ClInclude Include="include\types\haltypes.hpp">
      <Filter>Header Files</Filter>
    </ClInclude>
    <ClInclude Include="include\util\device.hpp">
      <Filter>Header Files</Filter>
    </ClInclude>
    <ClInclude Include="include\callbacks\callbacks.hpp">
      <Filter>Header Files</Filter>
    </ClInclude>
    <ClInclude Include="include\callbacks\create_process.hpp">
      <Filter>Header Files</Filter>
    </ClInclude>
    <ClInclude Include="include\callbacks\create_thread.hpp">
      <Filter>Header Files</Filter>
    </ClInclude>
    <ClInclude Include="include\callbacks\image_load.hpp">
      <Filter>Header Files</Filter>
    </ClInclude>
    <ClInclude Include="include\framework.hpp">
      <Filter>Header Files</Filter>
    </ClInclude>
    <ClInclude Include="include\types\ketypes.hpp">
      <Filter>Header Files</Filter>
    </ClInclude>
    <ClInclude Include="include\types\ia32.hpp">
      <Filter>Header Files</Filter>
    </ClInclude>
    <ClInclude Include="include\callbacks\process_handle_operations.hpp">
      <Filter>Header Files</Filter>
    </ClInclude>
    <ClInclude Include="include\communication\io.hpp">
      <Filter>Header Files</Filter>
    </ClInclude>
    <ClInclude Include="include\communication\types.hpp">
      <Filter>Header Files</Filter>
    </ClInclude>
    <ClInclude Include="include\communication\operations.hpp">
      <Filter>Header Files</Filter>
    </ClInclude>
  </ItemGroup>
</Project>